// !$*UTF8*$!
{
	archiveVersion = 1;
	classes = {
	};
	objectVersion = 51;
	objects = {

/* Begin PBXBuildFile section */
		3DB007A2970F355CEEB2E83D /* Pods_immersio_ios_immersio_iosUITests.framework in Frameworks */ = {isa = PBXBuildFile; fileRef = FFCFB65EB3B877B3092F739B /* Pods_immersio_ios_immersio_iosUITests.framework */; };
		4F14C1234352B9D749353A5D /* Pods_immersio_iosTests.framework in Frameworks */ = {isa = PBXBuildFile; fileRef = 93C082F371D96694DAB7AE7B /* Pods_immersio_iosTests.framework */; };
		8C5B070718BC03567279A056 /* Pods_immersio_ios.framework in Frameworks */ = {isa = PBXBuildFile; fileRef = 92898681C7EB8D7CBDCF131D /* Pods_immersio_ios.framework */; };
		9E3B226524F315B500A6F171 /* ChatViewController.swift in Sources */ = {isa = PBXBuildFile; fileRef = 9E3B226424F315B500A6F171 /* ChatViewController.swift */; };
		9E3B226724F316B800A6F171 /* Message.swift in Sources */ = {isa = PBXBuildFile; fileRef = 9E3B226624F316B800A6F171 /* Message.swift */; };
		9E3B226924F316C900A6F171 /* Chat.swift in Sources */ = {isa = PBXBuildFile; fileRef = 9E3B226824F316C900A6F171 /* Chat.swift */; };
		9E8C0F3F24E5ED7D00DCD8D9 /* AppDelegate.swift in Sources */ = {isa = PBXBuildFile; fileRef = 9E8C0F3E24E5ED7D00DCD8D9 /* AppDelegate.swift */; };
		9E8C0F4124E5ED7D00DCD8D9 /* SceneDelegate.swift in Sources */ = {isa = PBXBuildFile; fileRef = 9E8C0F4024E5ED7D00DCD8D9 /* SceneDelegate.swift */; };
		9E8C0F4324E5ED7D00DCD8D9 /* StartViewController.swift in Sources */ = {isa = PBXBuildFile; fileRef = 9E8C0F4224E5ED7D00DCD8D9 /* StartViewController.swift */; };
		9E8C0F4624E5ED7D00DCD8D9 /* Main.storyboard in Resources */ = {isa = PBXBuildFile; fileRef = 9E8C0F4424E5ED7D00DCD8D9 /* Main.storyboard */; };
		9E8C0F4924E5ED7D00DCD8D9 /* immersio_ios.xcdatamodeld in Sources */ = {isa = PBXBuildFile; fileRef = 9E8C0F4724E5ED7D00DCD8D9 /* immersio_ios.xcdatamodeld */; };
		9E8C0F4B24E5ED8000DCD8D9 /* Assets.xcassets in Resources */ = {isa = PBXBuildFile; fileRef = 9E8C0F4A24E5ED8000DCD8D9 /* Assets.xcassets */; };
		9E8C0F4E24E5ED8000DCD8D9 /* LaunchScreen.storyboard in Resources */ = {isa = PBXBuildFile; fileRef = 9E8C0F4C24E5ED8000DCD8D9 /* LaunchScreen.storyboard */; };
		9E8C0F5924E5ED8000DCD8D9 /* immersio_iosTests.swift in Sources */ = {isa = PBXBuildFile; fileRef = 9E8C0F5824E5ED8000DCD8D9 /* immersio_iosTests.swift */; };
		9E8C0F6424E5ED8000DCD8D9 /* immersio_iosUITests.swift in Sources */ = {isa = PBXBuildFile; fileRef = 9E8C0F6324E5ED8000DCD8D9 /* immersio_iosUITests.swift */; };
		9E8C0F7224E5EDA100DCD8D9 /* GoogleService-Info.plist in Resources */ = {isa = PBXBuildFile; fileRef = 9E8C0F7124E5EDA100DCD8D9 /* GoogleService-Info.plist */; };
		9E8C0F7324E5EDA100DCD8D9 /* GoogleService-Info.plist in Resources */ = {isa = PBXBuildFile; fileRef = 9E8C0F7124E5EDA100DCD8D9 /* GoogleService-Info.plist */; };
		9E8C0F7424E5EDA100DCD8D9 /* GoogleService-Info.plist in Resources */ = {isa = PBXBuildFile; fileRef = 9E8C0F7124E5EDA100DCD8D9 /* GoogleService-Info.plist */; };
		9E8C0F7624E5FA2700DCD8D9 /* LoginViewController.swift in Sources */ = {isa = PBXBuildFile; fileRef = 9E8C0F7524E5FA2700DCD8D9 /* LoginViewController.swift */; };
		9E8C0F7824E5FA3D00DCD8D9 /* HomeViewController.swift in Sources */ = {isa = PBXBuildFile; fileRef = 9E8C0F7724E5FA3D00DCD8D9 /* HomeViewController.swift */; };
/* End PBXBuildFile section */

/* Begin PBXContainerItemProxy section */
		9E8C0F5524E5ED8000DCD8D9 /* PBXContainerItemProxy */ = {
			isa = PBXContainerItemProxy;
			containerPortal = 9E8C0F3324E5ED7D00DCD8D9 /* Project object */;
			proxyType = 1;
			remoteGlobalIDString = 9E8C0F3A24E5ED7D00DCD8D9;
			remoteInfo = immersio.ios;
		};
		9E8C0F6024E5ED8000DCD8D9 /* PBXContainerItemProxy */ = {
			isa = PBXContainerItemProxy;
			containerPortal = 9E8C0F3324E5ED7D00DCD8D9 /* Project object */;
			proxyType = 1;
			remoteGlobalIDString = 9E8C0F3A24E5ED7D00DCD8D9;
			remoteInfo = immersio.ios;
		};
/* End PBXContainerItemProxy section */

/* Begin PBXFileReference section */
		024743E2B15D7E649840EDD6 /* Pods-immersio.ios-immersio.iosUITests.debug.xcconfig */ = {isa = PBXFileReference; includeInIndex = 1; lastKnownFileType = text.xcconfig; name = "Pods-immersio.ios-immersio.iosUITests.debug.xcconfig"; path = "Target Support Files/Pods-immersio.ios-immersio.iosUITests/Pods-immersio.ios-immersio.iosUITests.debug.xcconfig"; sourceTree = "<group>"; };
		5304E251BC9549B0DEF356D5 /* Pods-immersio.ios.debug.xcconfig */ = {isa = PBXFileReference; includeInIndex = 1; lastKnownFileType = text.xcconfig; name = "Pods-immersio.ios.debug.xcconfig"; path = "Target Support Files/Pods-immersio.ios/Pods-immersio.ios.debug.xcconfig"; sourceTree = "<group>"; };
		70978FE6B523D146DA06B5B9 /* Pods-immersio.iosTests.release.xcconfig */ = {isa = PBXFileReference; includeInIndex = 1; lastKnownFileType = text.xcconfig; name = "Pods-immersio.iosTests.release.xcconfig"; path = "Target Support Files/Pods-immersio.iosTests/Pods-immersio.iosTests.release.xcconfig"; sourceTree = "<group>"; };
		710015B7DADBB92B876A4B39 /* Pods-immersio.ios.release.xcconfig */ = {isa = PBXFileReference; includeInIndex = 1; lastKnownFileType = text.xcconfig; name = "Pods-immersio.ios.release.xcconfig"; path = "Target Support Files/Pods-immersio.ios/Pods-immersio.ios.release.xcconfig"; sourceTree = "<group>"; };
		831CA1CFD1CAC89502DEDB7E /* Pods-immersio.ios-immersio.iosUITests.release.xcconfig */ = {isa = PBXFileReference; includeInIndex = 1; lastKnownFileType = text.xcconfig; name = "Pods-immersio.ios-immersio.iosUITests.release.xcconfig"; path = "Target Support Files/Pods-immersio.ios-immersio.iosUITests/Pods-immersio.ios-immersio.iosUITests.release.xcconfig"; sourceTree = "<group>"; };
		92898681C7EB8D7CBDCF131D /* Pods_immersio_ios.framework */ = {isa = PBXFileReference; explicitFileType = wrapper.framework; includeInIndex = 0; path = Pods_immersio_ios.framework; sourceTree = BUILT_PRODUCTS_DIR; };
		93C082F371D96694DAB7AE7B /* Pods_immersio_iosTests.framework */ = {isa = PBXFileReference; explicitFileType = wrapper.framework; includeInIndex = 0; path = Pods_immersio_iosTests.framework; sourceTree = BUILT_PRODUCTS_DIR; };
		9E3B226424F315B500A6F171 /* ChatViewController.swift */ = {isa = PBXFileReference; lastKnownFileType = sourcecode.swift; path = ChatViewController.swift; sourceTree = "<group>"; };
		9E3B226624F316B800A6F171 /* Message.swift */ = {isa = PBXFileReference; lastKnownFileType = sourcecode.swift; path = Message.swift; sourceTree = "<group>"; };
		9E3B226824F316C900A6F171 /* Chat.swift */ = {isa = PBXFileReference; lastKnownFileType = sourcecode.swift; path = Chat.swift; sourceTree = "<group>"; };
		9E8C0F3B24E5ED7D00DCD8D9 /* immersio.ios.app */ = {isa = PBXFileReference; explicitFileType = wrapper.application; includeInIndex = 0; path = immersio.ios.app; sourceTree = BUILT_PRODUCTS_DIR; };
		9E8C0F3E24E5ED7D00DCD8D9 /* AppDelegate.swift */ = {isa = PBXFileReference; lastKnownFileType = sourcecode.swift; path = AppDelegate.swift; sourceTree = "<group>"; };
		9E8C0F4024E5ED7D00DCD8D9 /* SceneDelegate.swift */ = {isa = PBXFileReference; lastKnownFileType = sourcecode.swift; path = SceneDelegate.swift; sourceTree = "<group>"; };
		9E8C0F4224E5ED7D00DCD8D9 /* StartViewController.swift */ = {isa = PBXFileReference; lastKnownFileType = sourcecode.swift; path = StartViewController.swift; sourceTree = "<group>"; };
		9E8C0F4524E5ED7D00DCD8D9 /* Base */ = {isa = PBXFileReference; lastKnownFileType = file.storyboard; name = Base; path = Base.lproj/Main.storyboard; sourceTree = "<group>"; };
		9E8C0F4824E5ED7D00DCD8D9 /* immersio_ios.xcdatamodel */ = {isa = PBXFileReference; lastKnownFileType = wrapper.xcdatamodel; path = immersio_ios.xcdatamodel; sourceTree = "<group>"; };
		9E8C0F4A24E5ED8000DCD8D9 /* Assets.xcassets */ = {isa = PBXFileReference; lastKnownFileType = folder.assetcatalog; path = Assets.xcassets; sourceTree = "<group>"; };
		9E8C0F4D24E5ED8000DCD8D9 /* Base */ = {isa = PBXFileReference; lastKnownFileType = file.storyboard; name = Base; path = Base.lproj/LaunchScreen.storyboard; sourceTree = "<group>"; };
		9E8C0F4F24E5ED8000DCD8D9 /* Info.plist */ = {isa = PBXFileReference; lastKnownFileType = text.plist.xml; path = Info.plist; sourceTree = "<group>"; };
		9E8C0F5424E5ED8000DCD8D9 /* immersio.iosTests.xctest */ = {isa = PBXFileReference; explicitFileType = wrapper.cfbundle; includeInIndex = 0; path = immersio.iosTests.xctest; sourceTree = BUILT_PRODUCTS_DIR; };
		9E8C0F5824E5ED8000DCD8D9 /* immersio_iosTests.swift */ = {isa = PBXFileReference; lastKnownFileType = sourcecode.swift; path = immersio_iosTests.swift; sourceTree = "<group>"; };
		9E8C0F5A24E5ED8000DCD8D9 /* Info.plist */ = {isa = PBXFileReference; lastKnownFileType = text.plist.xml; path = Info.plist; sourceTree = "<group>"; };
		9E8C0F5F24E5ED8000DCD8D9 /* immersio.iosUITests.xctest */ = {isa = PBXFileReference; explicitFileType = wrapper.cfbundle; includeInIndex = 0; path = immersio.iosUITests.xctest; sourceTree = BUILT_PRODUCTS_DIR; };
		9E8C0F6324E5ED8000DCD8D9 /* immersio_iosUITests.swift */ = {isa = PBXFileReference; lastKnownFileType = sourcecode.swift; path = immersio_iosUITests.swift; sourceTree = "<group>"; };
		9E8C0F6524E5ED8000DCD8D9 /* Info.plist */ = {isa = PBXFileReference; lastKnownFileType = text.plist.xml; path = Info.plist; sourceTree = "<group>"; };
		9E8C0F7124E5EDA100DCD8D9 /* GoogleService-Info.plist */ = {isa = PBXFileReference; fileEncoding = 4; lastKnownFileType = text.plist.xml; path = "GoogleService-Info.plist"; sourceTree = "<group>"; };
		9E8C0F7524E5FA2700DCD8D9 /* LoginViewController.swift */ = {isa = PBXFileReference; lastKnownFileType = sourcecode.swift; path = LoginViewController.swift; sourceTree = "<group>"; };
		9E8C0F7724E5FA3D00DCD8D9 /* HomeViewController.swift */ = {isa = PBXFileReference; lastKnownFileType = sourcecode.swift; path = HomeViewController.swift; sourceTree = "<group>"; };
		E847F545AE4E9333E956F586 /* Pods-immersio.iosTests.debug.xcconfig */ = {isa = PBXFileReference; includeInIndex = 1; lastKnownFileType = text.xcconfig; name = "Pods-immersio.iosTests.debug.xcconfig"; path = "Target Support Files/Pods-immersio.iosTests/Pods-immersio.iosTests.debug.xcconfig"; sourceTree = "<group>"; };
		FFCFB65EB3B877B3092F739B /* Pods_immersio_ios_immersio_iosUITests.framework */ = {isa = PBXFileReference; explicitFileType = wrapper.framework; includeInIndex = 0; path = Pods_immersio_ios_immersio_iosUITests.framework; sourceTree = BUILT_PRODUCTS_DIR; };
/* End PBXFileReference section */

/* Begin PBXFrameworksBuildPhase section */
		9E8C0F3824E5ED7D00DCD8D9 /* Frameworks */ = {
			isa = PBXFrameworksBuildPhase;
			buildActionMask = 2147483647;
			files = (
				8C5B070718BC03567279A056 /* Pods_immersio_ios.framework in Frameworks */,
			);
			runOnlyForDeploymentPostprocessing = 0;
		};
		9E8C0F5124E5ED8000DCD8D9 /* Frameworks */ = {
			isa = PBXFrameworksBuildPhase;
			buildActionMask = 2147483647;
			files = (
				4F14C1234352B9D749353A5D /* Pods_immersio_iosTests.framework in Frameworks */,
			);
			runOnlyForDeploymentPostprocessing = 0;
		};
		9E8C0F5C24E5ED8000DCD8D9 /* Frameworks */ = {
			isa = PBXFrameworksBuildPhase;
			buildActionMask = 2147483647;
			files = (
				3DB007A2970F355CEEB2E83D /* Pods_immersio_ios_immersio_iosUITests.framework in Frameworks */,
			);
			runOnlyForDeploymentPostprocessing = 0;
		};
/* End PBXFrameworksBuildPhase section */

/* Begin PBXGroup section */
		9E8C0F3224E5ED7D00DCD8D9 = {
			isa = PBXGroup;
			children = (
				9E8C0F7124E5EDA100DCD8D9 /* GoogleService-Info.plist */,
				9E8C0F3D24E5ED7D00DCD8D9 /* immersio.ios */,
				9E8C0F5724E5ED8000DCD8D9 /* immersio.iosTests */,
				9E8C0F6224E5ED8000DCD8D9 /* immersio.iosUITests */,
				9E8C0F3C24E5ED7D00DCD8D9 /* Products */,
				A556C5195CE9A7B359931468 /* Pods */,
				F7E14B24033E1D8BF692CE78 /* Frameworks */,
			);
			sourceTree = "<group>";
		};
		9E8C0F3C24E5ED7D00DCD8D9 /* Products */ = {
			isa = PBXGroup;
			children = (
				9E8C0F3B24E5ED7D00DCD8D9 /* immersio.ios.app */,
				9E8C0F5424E5ED8000DCD8D9 /* immersio.iosTests.xctest */,
				9E8C0F5F24E5ED8000DCD8D9 /* immersio.iosUITests.xctest */,
			);
			name = Products;
			sourceTree = "<group>";
		};
		9E8C0F3D24E5ED7D00DCD8D9 /* immersio.ios */ = {
			isa = PBXGroup;
			children = (
				9E8C0F3E24E5ED7D00DCD8D9 /* AppDelegate.swift */,
				9E8C0F4024E5ED7D00DCD8D9 /* SceneDelegate.swift */,
				9E8C0F4224E5ED7D00DCD8D9 /* StartViewController.swift */,
				9E8C0F4424E5ED7D00DCD8D9 /* Main.storyboard */,
				9E8C0F4A24E5ED8000DCD8D9 /* Assets.xcassets */,
				9E8C0F4C24E5ED8000DCD8D9 /* LaunchScreen.storyboard */,
				9E8C0F4F24E5ED8000DCD8D9 /* Info.plist */,
				9E8C0F4724E5ED7D00DCD8D9 /* immersio_ios.xcdatamodeld */,
				9E8C0F7524E5FA2700DCD8D9 /* LoginViewController.swift */,
				9E8C0F7724E5FA3D00DCD8D9 /* HomeViewController.swift */,
				9E3B226424F315B500A6F171 /* ChatViewController.swift */,
				9E3B226624F316B800A6F171 /* Message.swift */,
				9E3B226824F316C900A6F171 /* Chat.swift */,
			);
			path = immersio.ios;
			sourceTree = "<group>";
		};
		9E8C0F5724E5ED8000DCD8D9 /* immersio.iosTests */ = {
			isa = PBXGroup;
			children = (
				9E8C0F5824E5ED8000DCD8D9 /* immersio_iosTests.swift */,
				9E8C0F5A24E5ED8000DCD8D9 /* Info.plist */,
			);
			path = immersio.iosTests;
			sourceTree = "<group>";
		};
		9E8C0F6224E5ED8000DCD8D9 /* immersio.iosUITests */ = {
			isa = PBXGroup;
			children = (
				9E8C0F6324E5ED8000DCD8D9 /* immersio_iosUITests.swift */,
				9E8C0F6524E5ED8000DCD8D9 /* Info.plist */,
			);
			path = immersio.iosUITests;
			sourceTree = "<group>";
		};
		A556C5195CE9A7B359931468 /* Pods */ = {
			isa = PBXGroup;
			children = (
				5304E251BC9549B0DEF356D5 /* Pods-immersio.ios.debug.xcconfig */,
				710015B7DADBB92B876A4B39 /* Pods-immersio.ios.release.xcconfig */,
				024743E2B15D7E649840EDD6 /* Pods-immersio.ios-immersio.iosUITests.debug.xcconfig */,
				831CA1CFD1CAC89502DEDB7E /* Pods-immersio.ios-immersio.iosUITests.release.xcconfig */,
				E847F545AE4E9333E956F586 /* Pods-immersio.iosTests.debug.xcconfig */,
				70978FE6B523D146DA06B5B9 /* Pods-immersio.iosTests.release.xcconfig */,
			);
			path = Pods;
			sourceTree = "<group>";
		};
		F7E14B24033E1D8BF692CE78 /* Frameworks */ = {
			isa = PBXGroup;
			children = (
				92898681C7EB8D7CBDCF131D /* Pods_immersio_ios.framework */,
				FFCFB65EB3B877B3092F739B /* Pods_immersio_ios_immersio_iosUITests.framework */,
				93C082F371D96694DAB7AE7B /* Pods_immersio_iosTests.framework */,
			);
			name = Frameworks;
			sourceTree = "<group>";
		};
/* End PBXGroup section */

/* Begin PBXNativeTarget section */
		9E8C0F3A24E5ED7D00DCD8D9 /* immersio.ios */ = {
			isa = PBXNativeTarget;
			buildConfigurationList = 9E8C0F6824E5ED8000DCD8D9 /* Build configuration list for PBXNativeTarget "immersio.ios" */;
			buildPhases = (
				CD3BB7907E373B43B93F78A6 /* [CP] Check Pods Manifest.lock */,
				9E8C0F3724E5ED7D00DCD8D9 /* Sources */,
				9E8C0F3824E5ED7D00DCD8D9 /* Frameworks */,
				9E8C0F3924E5ED7D00DCD8D9 /* Resources */,
				412961A781DEE70B358CC04B /* [CP] Embed Pods Frameworks */,
				1AD79E08438A1899A4A3F9D8 /* [CP] Copy Pods Resources */,
			);
			buildRules = (
			);
			dependencies = (
			);
			name = immersio.ios;
			productName = immersio.ios;
			productReference = 9E8C0F3B24E5ED7D00DCD8D9 /* immersio.ios.app */;
			productType = "com.apple.product-type.application";
		};
		9E8C0F5324E5ED8000DCD8D9 /* immersio.iosTests */ = {
			isa = PBXNativeTarget;
			buildConfigurationList = 9E8C0F6B24E5ED8000DCD8D9 /* Build configuration list for PBXNativeTarget "immersio.iosTests" */;
			buildPhases = (
				44E234785D79E3B84B8B373F /* [CP] Check Pods Manifest.lock */,
				9E8C0F5024E5ED8000DCD8D9 /* Sources */,
				9E8C0F5124E5ED8000DCD8D9 /* Frameworks */,
				9E8C0F5224E5ED8000DCD8D9 /* Resources */,
			);
			buildRules = (
			);
			dependencies = (
				9E8C0F5624E5ED8000DCD8D9 /* PBXTargetDependency */,
			);
			name = immersio.iosTests;
			productName = immersio.iosTests;
			productReference = 9E8C0F5424E5ED8000DCD8D9 /* immersio.iosTests.xctest */;
			productType = "com.apple.product-type.bundle.unit-test";
		};
		9E8C0F5E24E5ED8000DCD8D9 /* immersio.iosUITests */ = {
			isa = PBXNativeTarget;
			buildConfigurationList = 9E8C0F6E24E5ED8000DCD8D9 /* Build configuration list for PBXNativeTarget "immersio.iosUITests" */;
			buildPhases = (
				F9454DA250873F65B6251C85 /* [CP] Check Pods Manifest.lock */,
				9E8C0F5B24E5ED8000DCD8D9 /* Sources */,
				9E8C0F5C24E5ED8000DCD8D9 /* Frameworks */,
				9E8C0F5D24E5ED8000DCD8D9 /* Resources */,
				BA45F2651C8339266C942179 /* [CP] Embed Pods Frameworks */,
				815E2202363175486BA0BFA7 /* [CP] Copy Pods Resources */,
			);
			buildRules = (
			);
			dependencies = (
				9E8C0F6124E5ED8000DCD8D9 /* PBXTargetDependency */,
			);
			name = immersio.iosUITests;
			productName = immersio.iosUITests;
			productReference = 9E8C0F5F24E5ED8000DCD8D9 /* immersio.iosUITests.xctest */;
			productType = "com.apple.product-type.bundle.ui-testing";
		};
/* End PBXNativeTarget section */

/* Begin PBXProject section */
		9E8C0F3324E5ED7D00DCD8D9 /* Project object */ = {
			isa = PBXProject;
			attributes = {
				LastSwiftUpdateCheck = 1160;
				LastUpgradeCheck = 1160;
				ORGANIZATIONNAME = Immersio;
				TargetAttributes = {
					9E8C0F3A24E5ED7D00DCD8D9 = {
						CreatedOnToolsVersion = 11.6;
					};
					9E8C0F5324E5ED8000DCD8D9 = {
						CreatedOnToolsVersion = 11.6;
						TestTargetID = 9E8C0F3A24E5ED7D00DCD8D9;
					};
					9E8C0F5E24E5ED8000DCD8D9 = {
						CreatedOnToolsVersion = 11.6;
						TestTargetID = 9E8C0F3A24E5ED7D00DCD8D9;
					};
				};
			};
			buildConfigurationList = 9E8C0F3624E5ED7D00DCD8D9 /* Build configuration list for PBXProject "immersio.ios" */;
			compatibilityVersion = "Xcode 9.3";
			developmentRegion = en;
			hasScannedForEncodings = 0;
			knownRegions = (
				en,
				Base,
			);
			mainGroup = 9E8C0F3224E5ED7D00DCD8D9;
			productRefGroup = 9E8C0F3C24E5ED7D00DCD8D9 /* Products */;
			projectDirPath = "";
			projectRoot = "";
			targets = (
				9E8C0F3A24E5ED7D00DCD8D9 /* immersio.ios */,
				9E8C0F5324E5ED8000DCD8D9 /* immersio.iosTests */,
				9E8C0F5E24E5ED8000DCD8D9 /* immersio.iosUITests */,
			);
		};
/* End PBXProject section */

/* Begin PBXResourcesBuildPhase section */
		9E8C0F3924E5ED7D00DCD8D9 /* Resources */ = {
			isa = PBXResourcesBuildPhase;
			buildActionMask = 2147483647;
			files = (
				9E8C0F4E24E5ED8000DCD8D9 /* LaunchScreen.storyboard in Resources */,
				9E8C0F7224E5EDA100DCD8D9 /* GoogleService-Info.plist in Resources */,
				9E8C0F4B24E5ED8000DCD8D9 /* Assets.xcassets in Resources */,
				9E8C0F4624E5ED7D00DCD8D9 /* Main.storyboard in Resources */,
			);
			runOnlyForDeploymentPostprocessing = 0;
		};
		9E8C0F5224E5ED8000DCD8D9 /* Resources */ = {
			isa = PBXResourcesBuildPhase;
			buildActionMask = 2147483647;
			files = (
				9E8C0F7324E5EDA100DCD8D9 /* GoogleService-Info.plist in Resources */,
			);
			runOnlyForDeploymentPostprocessing = 0;
		};
		9E8C0F5D24E5ED8000DCD8D9 /* Resources */ = {
			isa = PBXResourcesBuildPhase;
			buildActionMask = 2147483647;
			files = (
				9E8C0F7424E5EDA100DCD8D9 /* GoogleService-Info.plist in Resources */,
			);
			runOnlyForDeploymentPostprocessing = 0;
		};
/* End PBXResourcesBuildPhase section */

/* Begin PBXShellScriptBuildPhase section */
		1AD79E08438A1899A4A3F9D8 /* [CP] Copy Pods Resources */ = {
			isa = PBXShellScriptBuildPhase;
			buildActionMask = 2147483647;
			files = (
			);
			inputFileListPaths = (
				"${PODS_ROOT}/Target Support Files/Pods-immersio.ios/Pods-immersio.ios-resources-${CONFIGURATION}-input-files.xcfilelist",
			);
			name = "[CP] Copy Pods Resources";
			outputFileListPaths = (
				"${PODS_ROOT}/Target Support Files/Pods-immersio.ios/Pods-immersio.ios-resources-${CONFIGURATION}-output-files.xcfilelist",
			);
			runOnlyForDeploymentPostprocessing = 0;
			shellPath = /bin/sh;
			shellScript = "\"${PODS_ROOT}/Target Support Files/Pods-immersio.ios/Pods-immersio.ios-resources.sh\"\n";
			showEnvVarsInLog = 0;
		};
		412961A781DEE70B358CC04B /* [CP] Embed Pods Frameworks */ = {
			isa = PBXShellScriptBuildPhase;
			buildActionMask = 2147483647;
			files = (
			);
			inputFileListPaths = (
				"${PODS_ROOT}/Target Support Files/Pods-immersio.ios/Pods-immersio.ios-frameworks-${CONFIGURATION}-input-files.xcfilelist",
			);
			name = "[CP] Embed Pods Frameworks";
			outputFileListPaths = (
				"${PODS_ROOT}/Target Support Files/Pods-immersio.ios/Pods-immersio.ios-frameworks-${CONFIGURATION}-output-files.xcfilelist",
			);
			runOnlyForDeploymentPostprocessing = 0;
			shellPath = /bin/sh;
			shellScript = "\"${PODS_ROOT}/Target Support Files/Pods-immersio.ios/Pods-immersio.ios-frameworks.sh\"\n";
			showEnvVarsInLog = 0;
		};
		44E234785D79E3B84B8B373F /* [CP] Check Pods Manifest.lock */ = {
			isa = PBXShellScriptBuildPhase;
			buildActionMask = 2147483647;
			files = (
			);
			inputFileListPaths = (
			);
			inputPaths = (
				"${PODS_PODFILE_DIR_PATH}/Podfile.lock",
				"${PODS_ROOT}/Manifest.lock",
			);
			name = "[CP] Check Pods Manifest.lock";
			outputFileListPaths = (
			);
			outputPaths = (
				"$(DERIVED_FILE_DIR)/Pods-immersio.iosTests-checkManifestLockResult.txt",
			);
			runOnlyForDeploymentPostprocessing = 0;
			shellPath = /bin/sh;
			shellScript = "diff \"${PODS_PODFILE_DIR_PATH}/Podfile.lock\" \"${PODS_ROOT}/Manifest.lock\" > /dev/null\nif [ $? != 0 ] ; then\n    # print error to STDERR\n    echo \"error: The sandbox is not in sync with the Podfile.lock. Run 'pod install' or update your CocoaPods installation.\" >&2\n    exit 1\nfi\n# This output is used by Xcode 'outputs' to avoid re-running this script phase.\necho \"SUCCESS\" > \"${SCRIPT_OUTPUT_FILE_0}\"\n";
			showEnvVarsInLog = 0;
		};
		815E2202363175486BA0BFA7 /* [CP] Copy Pods Resources */ = {
			isa = PBXShellScriptBuildPhase;
			buildActionMask = 2147483647;
			files = (
			);
			inputFileListPaths = (
				"${PODS_ROOT}/Target Support Files/Pods-immersio.ios-immersio.iosUITests/Pods-immersio.ios-immersio.iosUITests-resources-${CONFIGURATION}-input-files.xcfilelist",
			);
			name = "[CP] Copy Pods Resources";
			outputFileListPaths = (
				"${PODS_ROOT}/Target Support Files/Pods-immersio.ios-immersio.iosUITests/Pods-immersio.ios-immersio.iosUITests-resources-${CONFIGURATION}-output-files.xcfilelist",
			);
			runOnlyForDeploymentPostprocessing = 0;
			shellPath = /bin/sh;
			shellScript = "\"${PODS_ROOT}/Target Support Files/Pods-immersio.ios-immersio.iosUITests/Pods-immersio.ios-immersio.iosUITests-resources.sh\"\n";
			showEnvVarsInLog = 0;
		};
		BA45F2651C8339266C942179 /* [CP] Embed Pods Frameworks */ = {
			isa = PBXShellScriptBuildPhase;
			buildActionMask = 2147483647;
			files = (
			);
			inputFileListPaths = (
				"${PODS_ROOT}/Target Support Files/Pods-immersio.ios-immersio.iosUITests/Pods-immersio.ios-immersio.iosUITests-frameworks-${CONFIGURATION}-input-files.xcfilelist",
			);
			name = "[CP] Embed Pods Frameworks";
			outputFileListPaths = (
				"${PODS_ROOT}/Target Support Files/Pods-immersio.ios-immersio.iosUITests/Pods-immersio.ios-immersio.iosUITests-frameworks-${CONFIGURATION}-output-files.xcfilelist",
			);
			runOnlyForDeploymentPostprocessing = 0;
			shellPath = /bin/sh;
			shellScript = "\"${PODS_ROOT}/Target Support Files/Pods-immersio.ios-immersio.iosUITests/Pods-immersio.ios-immersio.iosUITests-frameworks.sh\"\n";
			showEnvVarsInLog = 0;
		};
		CD3BB7907E373B43B93F78A6 /* [CP] Check Pods Manifest.lock */ = {
			isa = PBXShellScriptBuildPhase;
			buildActionMask = 2147483647;
			files = (
			);
			inputFileListPaths = (
			);
			inputPaths = (
				"${PODS_PODFILE_DIR_PATH}/Podfile.lock",
				"${PODS_ROOT}/Manifest.lock",
			);
			name = "[CP] Check Pods Manifest.lock";
			outputFileListPaths = (
			);
			outputPaths = (
				"$(DERIVED_FILE_DIR)/Pods-immersio.ios-checkManifestLockResult.txt",
			);
			runOnlyForDeploymentPostprocessing = 0;
			shellPath = /bin/sh;
			shellScript = "diff \"${PODS_PODFILE_DIR_PATH}/Podfile.lock\" \"${PODS_ROOT}/Manifest.lock\" > /dev/null\nif [ $? != 0 ] ; then\n    # print error to STDERR\n    echo \"error: The sandbox is not in sync with the Podfile.lock. Run 'pod install' or update your CocoaPods installation.\" >&2\n    exit 1\nfi\n# This output is used by Xcode 'outputs' to avoid re-running this script phase.\necho \"SUCCESS\" > \"${SCRIPT_OUTPUT_FILE_0}\"\n";
			showEnvVarsInLog = 0;
		};
		F9454DA250873F65B6251C85 /* [CP] Check Pods Manifest.lock */ = {
			isa = PBXShellScriptBuildPhase;
			buildActionMask = 2147483647;
			files = (
			);
			inputFileListPaths = (
			);
			inputPaths = (
				"${PODS_PODFILE_DIR_PATH}/Podfile.lock",
				"${PODS_ROOT}/Manifest.lock",
			);
			name = "[CP] Check Pods Manifest.lock";
			outputFileListPaths = (
			);
			outputPaths = (
				"$(DERIVED_FILE_DIR)/Pods-immersio.ios-immersio.iosUITests-checkManifestLockResult.txt",
			);
			runOnlyForDeploymentPostprocessing = 0;
			shellPath = /bin/sh;
			shellScript = "diff \"${PODS_PODFILE_DIR_PATH}/Podfile.lock\" \"${PODS_ROOT}/Manifest.lock\" > /dev/null\nif [ $? != 0 ] ; then\n    # print error to STDERR\n    echo \"error: The sandbox is not in sync with the Podfile.lock. Run 'pod install' or update your CocoaPods installation.\" >&2\n    exit 1\nfi\n# This output is used by Xcode 'outputs' to avoid re-running this script phase.\necho \"SUCCESS\" > \"${SCRIPT_OUTPUT_FILE_0}\"\n";
			showEnvVarsInLog = 0;
		};
/* End PBXShellScriptBuildPhase section */

/* Begin PBXSourcesBuildPhase section */
		9E8C0F3724E5ED7D00DCD8D9 /* Sources */ = {
			isa = PBXSourcesBuildPhase;
			buildActionMask = 2147483647;
			files = (
				9E8C0F4924E5ED7D00DCD8D9 /* immersio_ios.xcdatamodeld in Sources */,
				9E8C0F4324E5ED7D00DCD8D9 /* StartViewController.swift in Sources */,
				9E8C0F3F24E5ED7D00DCD8D9 /* AppDelegate.swift in Sources */,
				9E8C0F7624E5FA2700DCD8D9 /* LoginViewController.swift in Sources */,
				9E3B226924F316C900A6F171 /* Chat.swift in Sources */,
				9E3B226524F315B500A6F171 /* ChatViewController.swift in Sources */,
				9E3B226724F316B800A6F171 /* Message.swift in Sources */,
				9E8C0F4124E5ED7D00DCD8D9 /* SceneDelegate.swift in Sources */,
				9E8C0F7824E5FA3D00DCD8D9 /* HomeViewController.swift in Sources */,
			);
			runOnlyForDeploymentPostprocessing = 0;
		};
		9E8C0F5024E5ED8000DCD8D9 /* Sources */ = {
			isa = PBXSourcesBuildPhase;
			buildActionMask = 2147483647;
			files = (
				9E8C0F5924E5ED8000DCD8D9 /* immersio_iosTests.swift in Sources */,
			);
			runOnlyForDeploymentPostprocessing = 0;
		};
		9E8C0F5B24E5ED8000DCD8D9 /* Sources */ = {
			isa = PBXSourcesBuildPhase;
			buildActionMask = 2147483647;
			files = (
				9E8C0F6424E5ED8000DCD8D9 /* immersio_iosUITests.swift in Sources */,
			);
			runOnlyForDeploymentPostprocessing = 0;
		};
/* End PBXSourcesBuildPhase section */

/* Begin PBXTargetDependency section */
		9E8C0F5624E5ED8000DCD8D9 /* PBXTargetDependency */ = {
			isa = PBXTargetDependency;
			target = 9E8C0F3A24E5ED7D00DCD8D9 /* immersio.ios */;
			targetProxy = 9E8C0F5524E5ED8000DCD8D9 /* PBXContainerItemProxy */;
		};
		9E8C0F6124E5ED8000DCD8D9 /* PBXTargetDependency */ = {
			isa = PBXTargetDependency;
			target = 9E8C0F3A24E5ED7D00DCD8D9 /* immersio.ios */;
			targetProxy = 9E8C0F6024E5ED8000DCD8D9 /* PBXContainerItemProxy */;
		};
/* End PBXTargetDependency section */

/* Begin PBXVariantGroup section */
		9E8C0F4424E5ED7D00DCD8D9 /* Main.storyboard */ = {
			isa = PBXVariantGroup;
			children = (
				9E8C0F4524E5ED7D00DCD8D9 /* Base */,
			);
			name = Main.storyboard;
			sourceTree = "<group>";
		};
		9E8C0F4C24E5ED8000DCD8D9 /* LaunchScreen.storyboard */ = {
			isa = PBXVariantGroup;
			children = (
				9E8C0F4D24E5ED8000DCD8D9 /* Base */,
			);
			name = LaunchScreen.storyboard;
			sourceTree = "<group>";
		};
/* End PBXVariantGroup section */

/* Begin XCBuildConfiguration section */
		9E8C0F6624E5ED8000DCD8D9 /* Debug */ = {
			isa = XCBuildConfiguration;
			buildSettings = {
				ALWAYS_SEARCH_USER_PATHS = NO;
				CLANG_ANALYZER_NONNULL = YES;
				CLANG_ANALYZER_NUMBER_OBJECT_CONVERSION = YES_AGGRESSIVE;
				CLANG_CXX_LANGUAGE_STANDARD = "gnu++14";
				CLANG_CXX_LIBRARY = "libc++";
				CLANG_ENABLE_MODULES = YES;
				CLANG_ENABLE_OBJC_ARC = YES;
				CLANG_ENABLE_OBJC_WEAK = YES;
				CLANG_WARN_BLOCK_CAPTURE_AUTORELEASING = YES;
				CLANG_WARN_BOOL_CONVERSION = YES;
				CLANG_WARN_COMMA = YES;
				CLANG_WARN_CONSTANT_CONVERSION = YES;
				CLANG_WARN_DEPRECATED_OBJC_IMPLEMENTATIONS = YES;
				CLANG_WARN_DIRECT_OBJC_ISA_USAGE = YES_ERROR;
				CLANG_WARN_DOCUMENTATION_COMMENTS = YES;
				CLANG_WARN_EMPTY_BODY = YES;
				CLANG_WARN_ENUM_CONVERSION = YES;
				CLANG_WARN_INFINITE_RECURSION = YES;
				CLANG_WARN_INT_CONVERSION = YES;
				CLANG_WARN_NON_LITERAL_NULL_CONVERSION = YES;
				CLANG_WARN_OBJC_IMPLICIT_RETAIN_SELF = YES;
				CLANG_WARN_OBJC_LITERAL_CONVERSION = YES;
				CLANG_WARN_OBJC_ROOT_CLASS = YES_ERROR;
				CLANG_WARN_RANGE_LOOP_ANALYSIS = YES;
				CLANG_WARN_STRICT_PROTOTYPES = YES;
				CLANG_WARN_SUSPICIOUS_MOVE = YES;
				CLANG_WARN_UNGUARDED_AVAILABILITY = YES_AGGRESSIVE;
				CLANG_WARN_UNREACHABLE_CODE = YES;
				CLANG_WARN__DUPLICATE_METHOD_MATCH = YES;
				COPY_PHASE_STRIP = NO;
				DEBUG_INFORMATION_FORMAT = dwarf;
				ENABLE_STRICT_OBJC_MSGSEND = YES;
				ENABLE_TESTABILITY = YES;
				GCC_C_LANGUAGE_STANDARD = gnu11;
				GCC_DYNAMIC_NO_PIC = NO;
				GCC_NO_COMMON_BLOCKS = YES;
				GCC_OPTIMIZATION_LEVEL = 0;
				GCC_PREPROCESSOR_DEFINITIONS = (
					"DEBUG=1",
					"$(inherited)",
				);
				GCC_WARN_64_TO_32_BIT_CONVERSION = YES;
				GCC_WARN_ABOUT_RETURN_TYPE = YES_ERROR;
				GCC_WARN_UNDECLARED_SELECTOR = YES;
				GCC_WARN_UNINITIALIZED_AUTOS = YES_AGGRESSIVE;
				GCC_WARN_UNUSED_FUNCTION = YES;
				GCC_WARN_UNUSED_VARIABLE = YES;
				IPHONEOS_DEPLOYMENT_TARGET = 13.6;
				MTL_ENABLE_DEBUG_INFO = INCLUDE_SOURCE;
				MTL_FAST_MATH = YES;
				ONLY_ACTIVE_ARCH = YES;
				SDKROOT = iphoneos;
				SWIFT_ACTIVE_COMPILATION_CONDITIONS = DEBUG;
				SWIFT_OPTIMIZATION_LEVEL = "-Onone";
			};
			name = Debug;
		};
		9E8C0F6724E5ED8000DCD8D9 /* Release */ = {
			isa = XCBuildConfiguration;
			buildSettings = {
				ALWAYS_SEARCH_USER_PATHS = NO;
				CLANG_ANALYZER_NONNULL = YES;
				CLANG_ANALYZER_NUMBER_OBJECT_CONVERSION = YES_AGGRESSIVE;
				CLANG_CXX_LANGUAGE_STANDARD = "gnu++14";
				CLANG_CXX_LIBRARY = "libc++";
				CLANG_ENABLE_MODULES = YES;
				CLANG_ENABLE_OBJC_ARC = YES;
				CLANG_ENABLE_OBJC_WEAK = YES;
				CLANG_WARN_BLOCK_CAPTURE_AUTORELEASING = YES;
				CLANG_WARN_BOOL_CONVERSION = YES;
				CLANG_WARN_COMMA = YES;
				CLANG_WARN_CONSTANT_CONVERSION = YES;
				CLANG_WARN_DEPRECATED_OBJC_IMPLEMENTATIONS = YES;
				CLANG_WARN_DIRECT_OBJC_ISA_USAGE = YES_ERROR;
				CLANG_WARN_DOCUMENTATION_COMMENTS = YES;
				CLANG_WARN_EMPTY_BODY = YES;
				CLANG_WARN_ENUM_CONVERSION = YES;
				CLANG_WARN_INFINITE_RECURSION = YES;
				CLANG_WARN_INT_CONVERSION = YES;
				CLANG_WARN_NON_LITERAL_NULL_CONVERSION = YES;
				CLANG_WARN_OBJC_IMPLICIT_RETAIN_SELF = YES;
				CLANG_WARN_OBJC_LITERAL_CONVERSION = YES;
				CLANG_WARN_OBJC_ROOT_CLASS = YES_ERROR;
				CLANG_WARN_RANGE_LOOP_ANALYSIS = YES;
				CLANG_WARN_STRICT_PROTOTYPES = YES;
				CLANG_WARN_SUSPICIOUS_MOVE = YES;
				CLANG_WARN_UNGUARDED_AVAILABILITY = YES_AGGRESSIVE;
				CLANG_WARN_UNREACHABLE_CODE = YES;
				CLANG_WARN__DUPLICATE_METHOD_MATCH = YES;
				COPY_PHASE_STRIP = NO;
				DEBUG_INFORMATION_FORMAT = "dwarf-with-dsym";
				ENABLE_NS_ASSERTIONS = NO;
				ENABLE_STRICT_OBJC_MSGSEND = YES;
				GCC_C_LANGUAGE_STANDARD = gnu11;
				GCC_NO_COMMON_BLOCKS = YES;
				GCC_WARN_64_TO_32_BIT_CONVERSION = YES;
				GCC_WARN_ABOUT_RETURN_TYPE = YES_ERROR;
				GCC_WARN_UNDECLARED_SELECTOR = YES;
				GCC_WARN_UNINITIALIZED_AUTOS = YES_AGGRESSIVE;
				GCC_WARN_UNUSED_FUNCTION = YES;
				GCC_WARN_UNUSED_VARIABLE = YES;
				IPHONEOS_DEPLOYMENT_TARGET = 13.6;
				MTL_ENABLE_DEBUG_INFO = NO;
				MTL_FAST_MATH = YES;
				SDKROOT = iphoneos;
				SWIFT_COMPILATION_MODE = wholemodule;
				SWIFT_OPTIMIZATION_LEVEL = "-O";
				VALIDATE_PRODUCT = YES;
			};
			name = Release;
		};
		9E8C0F6924E5ED8000DCD8D9 /* Debug */ = {
			isa = XCBuildConfiguration;
			baseConfigurationReference = 5304E251BC9549B0DEF356D5 /* Pods-immersio.ios.debug.xcconfig */;
			buildSettings = {
				ASSETCATALOG_COMPILER_APPICON_NAME = AppIcon;
				CODE_SIGN_STYLE = Automatic;
				DEVELOPMENT_TEAM = RLCS96XH4L;
				INFOPLIST_FILE = immersio.ios/Info.plist;
				LD_RUNPATH_SEARCH_PATHS = (
					"$(inherited)",
					"@executable_path/Frameworks",
				);
				PRODUCT_BUNDLE_IDENTIFIER = "Immersio.immersio-ios";
				PRODUCT_NAME = "$(TARGET_NAME)";
				SWIFT_VERSION = 5.0;
				TARGETED_DEVICE_FAMILY = "1,2";
			};
			name = Debug;
		};
		9E8C0F6A24E5ED8000DCD8D9 /* Release */ = {
			isa = XCBuildConfiguration;
			baseConfigurationReference = 710015B7DADBB92B876A4B39 /* Pods-immersio.ios.release.xcconfig */;
			buildSettings = {
				ASSETCATALOG_COMPILER_APPICON_NAME = AppIcon;
				CODE_SIGN_STYLE = Automatic;
				DEVELOPMENT_TEAM = RLCS96XH4L;
				INFOPLIST_FILE = immersio.ios/Info.plist;
				LD_RUNPATH_SEARCH_PATHS = (
					"$(inherited)",
					"@executable_path/Frameworks",
				);
				PRODUCT_BUNDLE_IDENTIFIER = "Immersio.immersio-ios";
				PRODUCT_NAME = "$(TARGET_NAME)";
				SWIFT_VERSION = 5.0;
				TARGETED_DEVICE_FAMILY = "1,2";
			};
			name = Release;
		};
		9E8C0F6C24E5ED8000DCD8D9 /* Debug */ = {
			isa = XCBuildConfiguration;
			baseConfigurationReference = E847F545AE4E9333E956F586 /* Pods-immersio.iosTests.debug.xcconfig */;
			buildSettings = {
				ALWAYS_EMBED_SWIFT_STANDARD_LIBRARIES = YES;
				BUNDLE_LOADER = "$(TEST_HOST)";
				CODE_SIGN_STYLE = Automatic;
				DEVELOPMENT_TEAM = RLCS96XH4L;
				INFOPLIST_FILE = immersio.iosTests/Info.plist;
				IPHONEOS_DEPLOYMENT_TARGET = 13.6;
				LD_RUNPATH_SEARCH_PATHS = (
					"$(inherited)",
					"@executable_path/Frameworks",
					"@loader_path/Frameworks",
				);
				PRODUCT_BUNDLE_IDENTIFIER = "Immersio.immersio-iosTests";
				PRODUCT_NAME = "$(TARGET_NAME)";
				SWIFT_VERSION = 5.0;
				TARGETED_DEVICE_FAMILY = "1,2";
				TEST_HOST = "$(BUILT_PRODUCTS_DIR)/immersio.ios.app/immersio.ios";
			};
			name = Debug;
		};
		9E8C0F6D24E5ED8000DCD8D9 /* Release */ = {
			isa = XCBuildConfiguration;
			baseConfigurationReference = 70978FE6B523D146DA06B5B9 /* Pods-immersio.iosTests.release.xcconfig */;
			buildSettings = {
				ALWAYS_EMBED_SWIFT_STANDARD_LIBRARIES = YES;
				BUNDLE_LOADER = "$(TEST_HOST)";
				CODE_SIGN_STYLE = Automatic;
				DEVELOPMENT_TEAM = RLCS96XH4L;
				INFOPLIST_FILE = immersio.iosTests/Info.plist;
				IPHONEOS_DEPLOYMENT_TARGET = 13.6;
				LD_RUNPATH_SEARCH_PATHS = (
					"$(inherited)",
					"@executable_path/Frameworks",
					"@loader_path/Frameworks",
				);
				PRODUCT_BUNDLE_IDENTIFIER = "Immersio.immersio-iosTests";
				PRODUCT_NAME = "$(TARGET_NAME)";
				SWIFT_VERSION = 5.0;
				TARGETED_DEVICE_FAMILY = "1,2";
				TEST_HOST = "$(BUILT_PRODUCTS_DIR)/immersio.ios.app/immersio.ios";
			};
			name = Release;
		};
		9E8C0F6F24E5ED8000DCD8D9 /* Debug */ = {
			isa = XCBuildConfiguration;
			baseConfigurationReference = 024743E2B15D7E649840EDD6 /* Pods-immersio.ios-immersio.iosUITests.debug.xcconfig */;
			buildSettings = {
				ALWAYS_EMBED_SWIFT_STANDARD_LIBRARIES = YES;
				CODE_SIGN_STYLE = Automatic;
				DEVELOPMENT_TEAM = RLCS96XH4L;
				INFOPLIST_FILE = immersio.iosUITests/Info.plist;
				LD_RUNPATH_SEARCH_PATHS = (
					"$(inherited)",
					"@executable_path/Frameworks",
					"@loader_path/Frameworks",
				);
				PRODUCT_BUNDLE_IDENTIFIER = "Immersio.immersio-iosUITests";
				PRODUCT_NAME = "$(TARGET_NAME)";
				SWIFT_VERSION = 5.0;
				TARGETED_DEVICE_FAMILY = "1,2";
				TEST_TARGET_NAME = immersio.ios;
			};
			name = Debug;
		};
		9E8C0F7024E5ED8000DCD8D9 /* Release */ = {
			isa = XCBuildConfiguration;
			baseConfigurationReference = 831CA1CFD1CAC89502DEDB7E /* Pods-immersio.ios-immersio.iosUITests.release.xcconfig */;
			buildSettings = {
				ALWAYS_EMBED_SWIFT_STANDARD_LIBRARIES = YES;
				CODE_SIGN_STYLE = Automatic;
				DEVELOPMENT_TEAM = RLCS96XH4L;
				INFOPLIST_FILE = immersio.iosUITests/Info.plist;
				LD_RUNPATH_SEARCH_PATHS = (
					"$(inherited)",
					"@executable_path/Frameworks",
					"@loader_path/Frameworks",
				);
				PRODUCT_BUNDLE_IDENTIFIER = "Immersio.immersio-iosUITests";
				PRODUCT_NAME = "$(TARGET_NAME)";
				SWIFT_VERSION = 5.0;
				TARGETED_DEVICE_FAMILY = "1,2";
				TEST_TARGET_NAME = immersio.ios;
			};
			name = Release;
		};
/* End XCBuildConfiguration section */

/* Begin XCConfigurationList section */
		9E8C0F3624E5ED7D00DCD8D9 /* Build configuration list for PBXProject "immersio.ios" */ = {
			isa = XCConfigurationList;
			buildConfigurations = (
				9E8C0F6624E5ED8000DCD8D9 /* Debug */,
				9E8C0F6724E5ED8000DCD8D9 /* Release */,
			);
			defaultConfigurationIsVisible = 0;
			defaultConfigurationName = Release;
		};
		9E8C0F6824E5ED8000DCD8D9 /* Build configuration list for PBXNativeTarget "immersio.ios" */ = {
			isa = XCConfigurationList;
			buildConfigurations = (
				9E8C0F6924E5ED8000DCD8D9 /* Debug */,
				9E8C0F6A24E5ED8000DCD8D9 /* Release */,
			);
			defaultConfigurationIsVisible = 0;
			defaultConfigurationName = Release;
		};
		9E8C0F6B24E5ED8000DCD8D9 /* Build configuration list for PBXNativeTarget "immersio.iosTests" */ = {
			isa = XCConfigurationList;
			buildConfigurations = (
				9E8C0F6C24E5ED8000DCD8D9 /* Debug */,
				9E8C0F6D24E5ED8000DCD8D9 /* Release */,
			);
			defaultConfigurationIsVisible = 0;
			defaultConfigurationName = Release;
		};
		9E8C0F6E24E5ED8000DCD8D9 /* Build configuration list for PBXNativeTarget "immersio.iosUITests" */ = {
			isa = XCConfigurationList;
			buildConfigurations = (
				9E8C0F6F24E5ED8000DCD8D9 /* Debug */,
				9E8C0F7024E5ED8000DCD8D9 /* Release */,
			);
			defaultConfigurationIsVisible = 0;
			defaultConfigurationName = Release;
		};
/* End XCConfigurationList section */

/* Begin XCVersionGroup section */
		9E8C0F4724E5ED7D00DCD8D9 /* immersio_ios.xcdatamodeld */ = {
			isa = XCVersionGroup;
			children = (
				9E8C0F4824E5ED7D00DCD8D9 /* immersio_ios.xcdatamodel */,
			);
			currentVersion = 9E8C0F4824E5ED7D00DCD8D9 /* immersio_ios.xcdatamodel */;
			path = immersio_ios.xcdatamodeld;
			sourceTree = "<group>";
			versionGroupType = wrapper.xcdatamodel;
		};
/* End XCVersionGroup section */
	};
	rootObject = 9E8C0F3324E5ED7D00DCD8D9 /* Project object */;
}
